// !$*UTF8*$!
{
	archiveVersion = 1;
	classes = {
	};
	objectVersion = 56;
	objects = {

/* Begin PBXBuildFile section */
		2C317CD72AA20ABD00C0A3B4 /* AppDelegate.swift in Sources */ = {isa = PBXBuildFile; fileRef = 2C317CD62AA20ABD00C0A3B4 /* AppDelegate.swift */; };
		2C317CD92AA20ABD00C0A3B4 /* SceneDelegate.swift in Sources */ = {isa = PBXBuildFile; fileRef = 2C317CD82AA20ABD00C0A3B4 /* SceneDelegate.swift */; };
		2C317CDB2AA20ABD00C0A3B4 /* ExamplesListController.swift in Sources */ = {isa = PBXBuildFile; fileRef = 2C317CDA2AA20ABD00C0A3B4 /* ExamplesListController.swift */; };
		2C317CE02AA20ABE00C0A3B4 /* Assets.xcassets in Resources */ = {isa = PBXBuildFile; fileRef = 2C317CDF2AA20ABE00C0A3B4 /* Assets.xcassets */; };
		2C317CE32AA20ABE00C0A3B4 /* LaunchScreen.storyboard in Resources */ = {isa = PBXBuildFile; fileRef = 2C317CE12AA20ABE00C0A3B4 /* LaunchScreen.storyboard */; };
		2C3AA70D2AA79DCC00E0A051 /* NotificationSetupView.swift in Sources */ = {isa = PBXBuildFile; fileRef = 2C3AA70C2AA79DCC00E0A051 /* NotificationSetupView.swift */; };
		2C3AA7102AA8B39200E0A051 /* NotificationSetupModel.swift in Sources */ = {isa = PBXBuildFile; fileRef = 2C3AA70F2AA8B39200E0A051 /* NotificationSetupModel.swift */; };
		2C3AA7142AA8B3C700E0A051 /* View+Builders.swift in Sources */ = {isa = PBXBuildFile; fileRef = 2C3AA7132AA8B3C700E0A051 /* View+Builders.swift */; };
		2C3AA7172AA8B49200E0A051 /* ExampleListModel.swift in Sources */ = {isa = PBXBuildFile; fileRef = 2C3AA7162AA8B49200E0A051 /* ExampleListModel.swift */; };
		2C3AA71A2AA8B5C100E0A051 /* NotificationFeature.swift in Sources */ = {isa = PBXBuildFile; fileRef = 2C3AA7192AA8B5C100E0A051 /* NotificationFeature.swift */; };
		2C7D25922AA8CB4700AF0069 /* SnapKit in Frameworks */ = {isa = PBXBuildFile; productRef = 2C7D25912AA8CB4700AF0069 /* SnapKit */; };
		2C7D25942AA8CEE600AF0069 /* GalleryAccess.jpg in Resources */ = {isa = PBXBuildFile; fileRef = 2C7D25932AA8CEE600AF0069 /* GalleryAccess.jpg */; };
		2C7D25982AAA20B500AF0069 /* NotificationSetupView2.swift in Sources */ = {isa = PBXBuildFile; fileRef = 2C7D25972AAA20B500AF0069 /* NotificationSetupView2.swift */; };
		2C7D259B2AAA24AA00AF0069 /* NotificationPushModel.swift in Sources */ = {isa = PBXBuildFile; fileRef = 2C7D259A2AAA24AA00AF0069 /* NotificationPushModel.swift */; };
		2C7D259D2AAB411000AF0069 /* NotificationPushImageView.swift in Sources */ = {isa = PBXBuildFile; fileRef = 2C7D259C2AAB411000AF0069 /* NotificationPushImageView.swift */; };
		2C8532ED2AA4B4EC002F3C48 /* ExamplesListView.swift in Sources */ = {isa = PBXBuildFile; fileRef = 2C8532EC2AA4B4EC002F3C48 /* ExamplesListView.swift */; };
		2C8532F32AA4BAFA002F3C48 /* NiceButton.swift in Sources */ = {isa = PBXBuildFile; fileRef = 2C8532F22AA4BAFA002F3C48 /* NiceButton.swift */; };
		2C8532F52AA4DD97002F3C48 /* CircleSmallButton.swift in Sources */ = {isa = PBXBuildFile; fileRef = 2C8532F42AA4DD97002F3C48 /* CircleSmallButton.swift */; };
		2C8532FA2AA4F094002F3C48 /* GalleryAccessView.swift in Sources */ = {isa = PBXBuildFile; fileRef = 2C8532F92AA4F094002F3C48 /* GalleryAccessView.swift */; };
		2C8532FE2AA4F170002F3C48 /* Localizable.strings in Resources */ = {isa = PBXBuildFile; fileRef = 2C8533002AA4F170002F3C48 /* Localizable.strings */; };
		2C85CA212AA20E130007928D /* ExampleCell.swift in Sources */ = {isa = PBXBuildFile; fileRef = 2C85CA202AA20E130007928D /* ExampleCell.swift */; };
		2C92A74C2AA2342900E31C0E /* NiceButtonExample.swift in Sources */ = {isa = PBXBuildFile; fileRef = 2C92A74B2AA2342900E31C0E /* NiceButtonExample.swift */; };
		2C92A74F2AA249DC00E31C0E /* NiceButton.gif in Resources */ = {isa = PBXBuildFile; fileRef = 2C92A74E2AA249DC00E31C0E /* NiceButton.gif */; };
		2CC9B12A2AAE0AA0007ED438 /* NotificationPushView.swift in Sources */ = {isa = PBXBuildFile; fileRef = 2CC9B1292AAE0AA0007ED438 /* NotificationPushView.swift */; };
		2CE9AB332AAB74D6006BE8BA /* NotificationSetupView3.swift in Sources */ = {isa = PBXBuildFile; fileRef = 2CE9AB322AAB74D6006BE8BA /* NotificationSetupView3.swift */; };
		2CF12FED2AA8BF900041BBD7 /* SwiftUIExample.swift in Sources */ = {isa = PBXBuildFile; fileRef = 2CF12FEC2AA8BF900041BBD7 /* SwiftUIExample.swift */; };
		2CF12FEF2AA8C2BA0041BBD7 /* UIColor+Extentions.swift in Sources */ = {isa = PBXBuildFile; fileRef = 2CF12FEE2AA8C2BA0041BBD7 /* UIColor+Extentions.swift */; };
/* End PBXBuildFile section */

/* Begin PBXFileReference section */
		2C317CD32AA20ABD00C0A3B4 /* UIExamples.app */ = {isa = PBXFileReference; explicitFileType = wrapper.application; includeInIndex = 0; path = UIExamples.app; sourceTree = BUILT_PRODUCTS_DIR; };
		2C317CD62AA20ABD00C0A3B4 /* AppDelegate.swift */ = {isa = PBXFileReference; lastKnownFileType = sourcecode.swift; path = AppDelegate.swift; sourceTree = "<group>"; };
		2C317CD82AA20ABD00C0A3B4 /* SceneDelegate.swift */ = {isa = PBXFileReference; lastKnownFileType = sourcecode.swift; path = SceneDelegate.swift; sourceTree = "<group>"; };
		2C317CDA2AA20ABD00C0A3B4 /* ExamplesListController.swift */ = {isa = PBXFileReference; lastKnownFileType = sourcecode.swift; path = ExamplesListController.swift; sourceTree = "<group>"; };
		2C317CDF2AA20ABE00C0A3B4 /* Assets.xcassets */ = {isa = PBXFileReference; lastKnownFileType = folder.assetcatalog; path = Assets.xcassets; sourceTree = "<group>"; };
		2C317CE22AA20ABE00C0A3B4 /* Base */ = {isa = PBXFileReference; lastKnownFileType = file.storyboard; name = Base; path = Base.lproj/LaunchScreen.storyboard; sourceTree = "<group>"; };
		2C317CE42AA20ABE00C0A3B4 /* Info.plist */ = {isa = PBXFileReference; lastKnownFileType = text.plist.xml; path = Info.plist; sourceTree = "<group>"; };
		2C3AA70C2AA79DCC00E0A051 /* NotificationSetupView.swift */ = {isa = PBXFileReference; lastKnownFileType = sourcecode.swift; path = NotificationSetupView.swift; sourceTree = "<group>"; };
		2C3AA70F2AA8B39200E0A051 /* NotificationSetupModel.swift */ = {isa = PBXFileReference; lastKnownFileType = sourcecode.swift; path = NotificationSetupModel.swift; sourceTree = "<group>"; };
		2C3AA7132AA8B3C700E0A051 /* View+Builders.swift */ = {isa = PBXFileReference; lastKnownFileType = sourcecode.swift; path = "View+Builders.swift"; sourceTree = "<group>"; };
		2C3AA7162AA8B49200E0A051 /* ExampleListModel.swift */ = {isa = PBXFileReference; lastKnownFileType = sourcecode.swift; path = ExampleListModel.swift; sourceTree = "<group>"; };
		2C3AA7192AA8B5C100E0A051 /* NotificationFeature.swift */ = {isa = PBXFileReference; lastKnownFileType = sourcecode.swift; path = NotificationFeature.swift; sourceTree = "<group>"; };
		2C7D25932AA8CEE600AF0069 /* GalleryAccess.jpg */ = {isa = PBXFileReference; lastKnownFileType = image.jpeg; path = GalleryAccess.jpg; sourceTree = "<group>"; };
		2C7D25972AAA20B500AF0069 /* NotificationSetupView2.swift */ = {isa = PBXFileReference; lastKnownFileType = sourcecode.swift; path = NotificationSetupView2.swift; sourceTree = "<group>"; };
		2C7D259A2AAA24AA00AF0069 /* NotificationPushModel.swift */ = {isa = PBXFileReference; lastKnownFileType = sourcecode.swift; path = NotificationPushModel.swift; sourceTree = "<group>"; };
		2C7D259C2AAB411000AF0069 /* NotificationPushImageView.swift */ = {isa = PBXFileReference; lastKnownFileType = sourcecode.swift; path = NotificationPushImageView.swift; sourceTree = "<group>"; };
		2C7D25A02AAB416000AF0069 /* NotificationPushView.swift */ = {isa = PBXFileReference; lastKnownFileType = sourcecode.swift; path = NotificationPushView.swift; sourceTree = "<group>"; };
		2C8532EC2AA4B4EC002F3C48 /* ExamplesListView.swift */ = {isa = PBXFileReference; lastKnownFileType = sourcecode.swift; path = ExamplesListView.swift; sourceTree = "<group>"; };
		2C8532F22AA4BAFA002F3C48 /* NiceButton.swift */ = {isa = PBXFileReference; lastKnownFileType = sourcecode.swift; path = NiceButton.swift; sourceTree = "<group>"; };
		2C8532F42AA4DD97002F3C48 /* CircleSmallButton.swift */ = {isa = PBXFileReference; lastKnownFileType = sourcecode.swift; path = CircleSmallButton.swift; sourceTree = "<group>"; };
		2C8532F92AA4F094002F3C48 /* GalleryAccessView.swift */ = {isa = PBXFileReference; lastKnownFileType = sourcecode.swift; path = GalleryAccessView.swift; sourceTree = "<group>"; };
		2C8532FF2AA4F170002F3C48 /* en */ = {isa = PBXFileReference; lastKnownFileType = text.plist.strings; name = en; path = en.lproj/Localizable.strings; sourceTree = "<group>"; };
		2C85CA202AA20E130007928D /* ExampleCell.swift */ = {isa = PBXFileReference; lastKnownFileType = sourcecode.swift; path = ExampleCell.swift; sourceTree = "<group>"; };
		2C92A74B2AA2342900E31C0E /* NiceButtonExample.swift */ = {isa = PBXFileReference; lastKnownFileType = sourcecode.swift; path = NiceButtonExample.swift; sourceTree = "<group>"; };
		2C92A74E2AA249DC00E31C0E /* NiceButton.gif */ = {isa = PBXFileReference; lastKnownFileType = image.gif; path = NiceButton.gif; sourceTree = "<group>"; };
		2CC9B1292AAE0AA0007ED438 /* NotificationPushView.swift */ = {isa = PBXFileReference; lastKnownFileType = sourcecode.swift; path = NotificationPushView.swift; sourceTree = "<group>"; };
		2CE9AB322AAB74D6006BE8BA /* NotificationSetupView3.swift */ = {isa = PBXFileReference; lastKnownFileType = sourcecode.swift; path = NotificationSetupView3.swift; sourceTree = "<group>"; };
		2CF12FEC2AA8BF900041BBD7 /* SwiftUIExample.swift */ = {isa = PBXFileReference; lastKnownFileType = sourcecode.swift; path = SwiftUIExample.swift; sourceTree = "<group>"; };
		2CF12FEE2AA8C2BA0041BBD7 /* UIColor+Extentions.swift */ = {isa = PBXFileReference; lastKnownFileType = sourcecode.swift; path = "UIColor+Extentions.swift"; sourceTree = "<group>"; };
/* End PBXFileReference section */

/* Begin PBXFrameworksBuildPhase section */
		2C317CD02AA20ABD00C0A3B4 /* Frameworks */ = {
			isa = PBXFrameworksBuildPhase;
			buildActionMask = 2147483647;
			files = (
				2C7D25922AA8CB4700AF0069 /* SnapKit in Frameworks */,
			);
			runOnlyForDeploymentPostprocessing = 0;
		};
/* End PBXFrameworksBuildPhase section */

/* Begin PBXGroup section */
		2C317CCA2AA20ABD00C0A3B4 = {
			isa = PBXGroup;
			children = (
				2C92A74D2AA2495600E31C0E /* Previews */,
				2C317CD52AA20ABD00C0A3B4 /* UIExamples */,
				2C317CD42AA20ABD00C0A3B4 /* Products */,
				2CC9B1262AAE09CA007ED438 /* Recovered References */,
			);
			sourceTree = "<group>";
		};
		2C317CD42AA20ABD00C0A3B4 /* Products */ = {
			isa = PBXGroup;
			children = (
				2C317CD32AA20ABD00C0A3B4 /* UIExamples.app */,
			);
			name = Products;
			sourceTree = "<group>";
		};
		2C317CD52AA20ABD00C0A3B4 /* UIExamples */ = {
			isa = PBXGroup;
			children = (
				2C8532E62AA4B439002F3C48 /* App */,
				2C8532E92AA4B475002F3C48 /* Modules */,
				2C8532E72AA4B459002F3C48 /* Shared */,
			);
			path = UIExamples;
			sourceTree = "<group>";
		};
		2C3AA70A2AA79DA600E0A051 /* Notifications */ = {
			isa = PBXGroup;
			children = (
				2C7D25992AAA20F400AF0069 /* Subview */,
				2C3AA70E2AA8B38200E0A051 /* Model */,
				2C3AA70B2AA79DB200E0A051 /* View1 */,
				2C7D25962AAA209A00AF0069 /* View2 */,
				2CE9AB312AAB74C7006BE8BA /* View3 */,
			);
			path = Notifications;
			sourceTree = "<group>";
		};
		2C3AA70B2AA79DB200E0A051 /* View1 */ = {
			isa = PBXGroup;
			children = (
				2C3AA70C2AA79DCC00E0A051 /* NotificationSetupView.swift */,
			);
			path = View1;
			sourceTree = "<group>";
		};
		2C3AA70E2AA8B38200E0A051 /* Model */ = {
			isa = PBXGroup;
			children = (
				2C3AA70F2AA8B39200E0A051 /* NotificationSetupModel.swift */,
			);
			path = Model;
			sourceTree = "<group>";
		};
		2C3AA7122AA8B3B800E0A051 /* Extentions */ = {
			isa = PBXGroup;
			children = (
				2C3AA7132AA8B3C700E0A051 /* View+Builders.swift */,
				2CF12FEE2AA8C2BA0041BBD7 /* UIColor+Extentions.swift */,
			);
			path = Extentions;
			sourceTree = "<group>";
		};
		2C3AA7152AA8B48200E0A051 /* Model */ = {
			isa = PBXGroup;
			children = (
				2C3AA7162AA8B49200E0A051 /* ExampleListModel.swift */,
			);
			path = Model;
			sourceTree = "<group>";
		};
		2C3AA7182AA8B5B100E0A051 /* Models */ = {
			isa = PBXGroup;
			children = (
				2C3AA7192AA8B5C100E0A051 /* NotificationFeature.swift */,
				2CF12FEC2AA8BF900041BBD7 /* SwiftUIExample.swift */,
				2C7D259A2AAA24AA00AF0069 /* NotificationPushModel.swift */,
			);
			path = Models;
			sourceTree = "<group>";
		};
		2C7D25962AAA209A00AF0069 /* View2 */ = {
			isa = PBXGroup;
			children = (
				2C7D25972AAA20B500AF0069 /* NotificationSetupView2.swift */,
			);
			path = View2;
			sourceTree = "<group>";
		};
		2C7D25992AAA20F400AF0069 /* Subview */ = {
			isa = PBXGroup;
			children = (
				2C7D259C2AAB411000AF0069 /* NotificationPushImageView.swift */,
				2CC9B1292AAE0AA0007ED438 /* NotificationPushView.swift */,
			);
			path = Subview;
			sourceTree = "<group>";
		};
		2C8532E62AA4B439002F3C48 /* App */ = {
			isa = PBXGroup;
			children = (
				2C317CD62AA20ABD00C0A3B4 /* AppDelegate.swift */,
				2C317CD82AA20ABD00C0A3B4 /* SceneDelegate.swift */,
				2C317CE12AA20ABE00C0A3B4 /* LaunchScreen.storyboard */,
				2C317CE42AA20ABE00C0A3B4 /* Info.plist */,
			);
			path = App;
			sourceTree = "<group>";
		};
		2C8532E72AA4B459002F3C48 /* Shared */ = {
			isa = PBXGroup;
			children = (
				2C3AA7182AA8B5B100E0A051 /* Models */,
				2C3AA7122AA8B3B800E0A051 /* Extentions */,
				2C8532F62AA4DFE5002F3C48 /* ButtonStyles */,
				2C8532F12AA4BADA002F3C48 /* Views */,
				2C8532E82AA4B460002F3C48 /* Resources */,
			);
			path = Shared;
			sourceTree = "<group>";
		};
		2C8532E82AA4B460002F3C48 /* Resources */ = {
			isa = PBXGroup;
			children = (
				2C8532FB2AA4F116002F3C48 /* Strings */,
				2C317CDF2AA20ABE00C0A3B4 /* Assets.xcassets */,
			);
			path = Resources;
			sourceTree = "<group>";
		};
		2C8532E92AA4B475002F3C48 /* Modules */ = {
			isa = PBXGroup;
			children = (
				2C8532EA2AA4B48C002F3C48 /* ExamplesList */,
				2C8532EE2AA4BA53002F3C48 /* NiceButton */,
				2C8532F72AA4F062002F3C48 /* GalleryAccess */,
				2C3AA70A2AA79DA600E0A051 /* Notifications */,
			);
			path = Modules;
			sourceTree = "<group>";
		};
		2C8532EA2AA4B48C002F3C48 /* ExamplesList */ = {
			isa = PBXGroup;
			children = (
				2C3AA7152AA8B48200E0A051 /* Model */,
				2C8532EF2AA4BA8F002F3C48 /* Cell */,
				2C8532EB2AA4B499002F3C48 /* View */,
				2C317CDA2AA20ABD00C0A3B4 /* ExamplesListController.swift */,
			);
			path = ExamplesList;
			sourceTree = "<group>";
		};
		2C8532EB2AA4B499002F3C48 /* View */ = {
			isa = PBXGroup;
			children = (
				2C8532EC2AA4B4EC002F3C48 /* ExamplesListView.swift */,
			);
			path = View;
			sourceTree = "<group>";
		};
		2C8532EE2AA4BA53002F3C48 /* NiceButton */ = {
			isa = PBXGroup;
			children = (
				2C8532F02AA4BAA0002F3C48 /* View */,
			);
			path = NiceButton;
			sourceTree = "<group>";
		};
		2C8532EF2AA4BA8F002F3C48 /* Cell */ = {
			isa = PBXGroup;
			children = (
				2C85CA202AA20E130007928D /* ExampleCell.swift */,
			);
			path = Cell;
			sourceTree = "<group>";
		};
		2C8532F02AA4BAA0002F3C48 /* View */ = {
			isa = PBXGroup;
			children = (
				2C92A74B2AA2342900E31C0E /* NiceButtonExample.swift */,
			);
			path = View;
			sourceTree = "<group>";
		};
		2C8532F12AA4BADA002F3C48 /* Views */ = {
			isa = PBXGroup;
			children = (
				2C8532F22AA4BAFA002F3C48 /* NiceButton.swift */,
				2C8532F42AA4DD97002F3C48 /* CircleSmallButton.swift */,
			);
			path = Views;
			sourceTree = "<group>";
		};
		2C8532F62AA4DFE5002F3C48 /* ButtonStyles */ = {
			isa = PBXGroup;
			children = (
			);
			path = ButtonStyles;
			sourceTree = "<group>";
		};
		2C8532F72AA4F062002F3C48 /* GalleryAccess */ = {
			isa = PBXGroup;
			children = (
				2C8532F82AA4F08A002F3C48 /* View */,
			);
			path = GalleryAccess;
			sourceTree = "<group>";
		};
		2C8532F82AA4F08A002F3C48 /* View */ = {
			isa = PBXGroup;
			children = (
				2C8532F92AA4F094002F3C48 /* GalleryAccessView.swift */,
			);
			path = View;
			sourceTree = "<group>";
		};
		2C8532FB2AA4F116002F3C48 /* Strings */ = {
			isa = PBXGroup;
			children = (
				2C8533002AA4F170002F3C48 /* Localizable.strings */,
			);
			path = Strings;
			sourceTree = "<group>";
		};
		2C92A74D2AA2495600E31C0E /* Previews */ = {
			isa = PBXGroup;
			children = (
				2C92A74E2AA249DC00E31C0E /* NiceButton.gif */,
				2C7D25932AA8CEE600AF0069 /* GalleryAccess.jpg */,
			);
			path = Previews;
			sourceTree = "<group>";
		};
		2CC9B1262AAE09CA007ED438 /* Recovered References */ = {
			isa = PBXGroup;
			children = (
				2C7D25A02AAB416000AF0069 /* NotificationPushView.swift */,
			);
			name = "Recovered References";
			sourceTree = "<group>";
		};
		2CE9AB312AAB74C7006BE8BA /* View3 */ = {
			isa = PBXGroup;
			children = (
				2CE9AB322AAB74D6006BE8BA /* NotificationSetupView3.swift */,
			);
			path = View3;
			sourceTree = "<group>";
		};
/* End PBXGroup section */

/* Begin PBXNativeTarget section */
		2C317CD22AA20ABD00C0A3B4 /* UIExamples */ = {
			isa = PBXNativeTarget;
			buildConfigurationList = 2C317CE72AA20ABE00C0A3B4 /* Build configuration list for PBXNativeTarget "UIExamples" */;
			buildPhases = (
				2C317CCF2AA20ABD00C0A3B4 /* Sources */,
				2C317CD02AA20ABD00C0A3B4 /* Frameworks */,
				2C317CD12AA20ABD00C0A3B4 /* Resources */,
			);
			buildRules = (
			);
			dependencies = (
			);
			name = UIExamples;
			packageProductDependencies = (
				2C7D25912AA8CB4700AF0069 /* SnapKit */,
			);
			productName = UIExamples;
			productReference = 2C317CD32AA20ABD00C0A3B4 /* UIExamples.app */;
			productType = "com.apple.product-type.application";
		};
/* End PBXNativeTarget section */

/* Begin PBXProject section */
		2C317CCB2AA20ABD00C0A3B4 /* Project object */ = {
			isa = PBXProject;
			attributes = {
				BuildIndependentTargetsInParallel = 1;
				LastSwiftUpdateCheck = 1430;
				LastUpgradeCheck = 1430;
				TargetAttributes = {
					2C317CD22AA20ABD00C0A3B4 = {
						CreatedOnToolsVersion = 14.3.1;
					};
				};
			};
			buildConfigurationList = 2C317CCE2AA20ABD00C0A3B4 /* Build configuration list for PBXProject "UIExamples" */;
			compatibilityVersion = "Xcode 14.0";
			developmentRegion = en;
			hasScannedForEncodings = 0;
			knownRegions = (
				en,
				Base,
			);
			mainGroup = 2C317CCA2AA20ABD00C0A3B4;
			packageReferences = (
				2C7D25902AA8CB4700AF0069 /* XCRemoteSwiftPackageReference "SnapKit" */,
			);
			productRefGroup = 2C317CD42AA20ABD00C0A3B4 /* Products */;
			projectDirPath = "";
			projectRoot = "";
			targets = (
				2C317CD22AA20ABD00C0A3B4 /* UIExamples */,
			);
		};
/* End PBXProject section */

/* Begin PBXResourcesBuildPhase section */
		2C317CD12AA20ABD00C0A3B4 /* Resources */ = {
			isa = PBXResourcesBuildPhase;
			buildActionMask = 2147483647;
			files = (
				2C317CE32AA20ABE00C0A3B4 /* LaunchScreen.storyboard in Resources */,
				2C8532FE2AA4F170002F3C48 /* Localizable.strings in Resources */,
				2C7D25942AA8CEE600AF0069 /* GalleryAccess.jpg in Resources */,
				2C317CE02AA20ABE00C0A3B4 /* Assets.xcassets in Resources */,
				2C92A74F2AA249DC00E31C0E /* NiceButton.gif in Resources */,
			);
			runOnlyForDeploymentPostprocessing = 0;
		};
/* End PBXResourcesBuildPhase section */

/* Begin PBXSourcesBuildPhase section */
		2C317CCF2AA20ABD00C0A3B4 /* Sources */ = {
			isa = PBXSourcesBuildPhase;
			buildActionMask = 2147483647;
			files = (
				2C85CA212AA20E130007928D /* ExampleCell.swift in Sources */,
				2CC9B12A2AAE0AA0007ED438 /* NotificationPushView.swift in Sources */,
				2C92A74C2AA2342900E31C0E /* NiceButtonExample.swift in Sources */,
				2C8532F32AA4BAFA002F3C48 /* NiceButton.swift in Sources */,
				2C3AA70D2AA79DCC00E0A051 /* NotificationSetupView.swift in Sources */,
				2C8532FA2AA4F094002F3C48 /* GalleryAccessView.swift in Sources */,
				2C317CDB2AA20ABD00C0A3B4 /* ExamplesListController.swift in Sources */,
				2C8532ED2AA4B4EC002F3C48 /* ExamplesListView.swift in Sources */,
				2C3AA7172AA8B49200E0A051 /* ExampleListModel.swift in Sources */,
				2C8532F52AA4DD97002F3C48 /* CircleSmallButton.swift in Sources */,
				2C317CD72AA20ABD00C0A3B4 /* AppDelegate.swift in Sources */,
				2C3AA7142AA8B3C700E0A051 /* View+Builders.swift in Sources */,
				2C7D25982AAA20B500AF0069 /* NotificationSetupView2.swift in Sources */,
				2C7D259B2AAA24AA00AF0069 /* NotificationPushModel.swift in Sources */,
				2C317CD92AA20ABD00C0A3B4 /* SceneDelegate.swift in Sources */,
				2CE9AB332AAB74D6006BE8BA /* NotificationSetupView3.swift in Sources */,
				2CF12FEF2AA8C2BA0041BBD7 /* UIColor+Extentions.swift in Sources */,
				2C7D259D2AAB411000AF0069 /* NotificationPushImageView.swift in Sources */,
				2C3AA7102AA8B39200E0A051 /* NotificationSetupModel.swift in Sources */,
				2CF12FED2AA8BF900041BBD7 /* SwiftUIExample.swift in Sources */,
				2C3AA71A2AA8B5C100E0A051 /* NotificationFeature.swift in Sources */,
			);
			runOnlyForDeploymentPostprocessing = 0;
		};
/* End PBXSourcesBuildPhase section */

/* Begin PBXVariantGroup section */
		2C317CE12AA20ABE00C0A3B4 /* LaunchScreen.storyboard */ = {
			isa = PBXVariantGroup;
			children = (
				2C317CE22AA20ABE00C0A3B4 /* Base */,
			);
			name = LaunchScreen.storyboard;
			sourceTree = "<group>";
		};
		2C8533002AA4F170002F3C48 /* Localizable.strings */ = {
			isa = PBXVariantGroup;
			children = (
				2C8532FF2AA4F170002F3C48 /* en */,
			);
			name = Localizable.strings;
			sourceTree = "<group>";
		};
/* End PBXVariantGroup section */

/* Begin XCBuildConfiguration section */
		2C317CE52AA20ABE00C0A3B4 /* Debug */ = {
			isa = XCBuildConfiguration;
			buildSettings = {
				ALWAYS_SEARCH_USER_PATHS = NO;
				CLANG_ANALYZER_NONNULL = YES;
				CLANG_ANALYZER_NUMBER_OBJECT_CONVERSION = YES_AGGRESSIVE;
				CLANG_CXX_LANGUAGE_STANDARD = "gnu++20";
				CLANG_ENABLE_MODULES = YES;
				CLANG_ENABLE_OBJC_ARC = YES;
				CLANG_ENABLE_OBJC_WEAK = YES;
				CLANG_WARN_BLOCK_CAPTURE_AUTORELEASING = YES;
				CLANG_WARN_BOOL_CONVERSION = YES;
				CLANG_WARN_COMMA = YES;
				CLANG_WARN_CONSTANT_CONVERSION = YES;
				CLANG_WARN_DEPRECATED_OBJC_IMPLEMENTATIONS = YES;
				CLANG_WARN_DIRECT_OBJC_ISA_USAGE = YES_ERROR;
				CLANG_WARN_DOCUMENTATION_COMMENTS = YES;
				CLANG_WARN_EMPTY_BODY = YES;
				CLANG_WARN_ENUM_CONVERSION = YES;
				CLANG_WARN_INFINITE_RECURSION = YES;
				CLANG_WARN_INT_CONVERSION = YES;
				CLANG_WARN_NON_LITERAL_NULL_CONVERSION = YES;
				CLANG_WARN_OBJC_IMPLICIT_RETAIN_SELF = YES;
				CLANG_WARN_OBJC_LITERAL_CONVERSION = YES;
				CLANG_WARN_OBJC_ROOT_CLASS = YES_ERROR;
				CLANG_WARN_QUOTED_INCLUDE_IN_FRAMEWORK_HEADER = YES;
				CLANG_WARN_RANGE_LOOP_ANALYSIS = YES;
				CLANG_WARN_STRICT_PROTOTYPES = YES;
				CLANG_WARN_SUSPICIOUS_MOVE = YES;
				CLANG_WARN_UNGUARDED_AVAILABILITY = YES_AGGRESSIVE;
				CLANG_WARN_UNREACHABLE_CODE = YES;
				CLANG_WARN__DUPLICATE_METHOD_MATCH = YES;
				COPY_PHASE_STRIP = NO;
				DEBUG_INFORMATION_FORMAT = dwarf;
				ENABLE_STRICT_OBJC_MSGSEND = YES;
				ENABLE_TESTABILITY = YES;
				GCC_C_LANGUAGE_STANDARD = gnu11;
				GCC_DYNAMIC_NO_PIC = NO;
				GCC_NO_COMMON_BLOCKS = YES;
				GCC_OPTIMIZATION_LEVEL = 0;
				GCC_PREPROCESSOR_DEFINITIONS = (
					"DEBUG=1",
					"$(inherited)",
				);
				GCC_WARN_64_TO_32_BIT_CONVERSION = YES;
				GCC_WARN_ABOUT_RETURN_TYPE = YES_ERROR;
				GCC_WARN_UNDECLARED_SELECTOR = YES;
				GCC_WARN_UNINITIALIZED_AUTOS = YES_AGGRESSIVE;
				GCC_WARN_UNUSED_FUNCTION = YES;
				GCC_WARN_UNUSED_VARIABLE = YES;
				IPHONEOS_DEPLOYMENT_TARGET = 16.4;
				MTL_ENABLE_DEBUG_INFO = INCLUDE_SOURCE;
				MTL_FAST_MATH = YES;
				ONLY_ACTIVE_ARCH = YES;
				SDKROOT = iphoneos;
				SWIFT_ACTIVE_COMPILATION_CONDITIONS = DEBUG;
				SWIFT_OPTIMIZATION_LEVEL = "-Onone";
			};
			name = Debug;
		};
		2C317CE62AA20ABE00C0A3B4 /* Release */ = {
			isa = XCBuildConfiguration;
			buildSettings = {
				ALWAYS_SEARCH_USER_PATHS = NO;
				CLANG_ANALYZER_NONNULL = YES;
				CLANG_ANALYZER_NUMBER_OBJECT_CONVERSION = YES_AGGRESSIVE;
				CLANG_CXX_LANGUAGE_STANDARD = "gnu++20";
				CLANG_ENABLE_MODULES = YES;
				CLANG_ENABLE_OBJC_ARC = YES;
				CLANG_ENABLE_OBJC_WEAK = YES;
				CLANG_WARN_BLOCK_CAPTURE_AUTORELEASING = YES;
				CLANG_WARN_BOOL_CONVERSION = YES;
				CLANG_WARN_COMMA = YES;
				CLANG_WARN_CONSTANT_CONVERSION = YES;
				CLANG_WARN_DEPRECATED_OBJC_IMPLEMENTATIONS = YES;
				CLANG_WARN_DIRECT_OBJC_ISA_USAGE = YES_ERROR;
				CLANG_WARN_DOCUMENTATION_COMMENTS = YES;
				CLANG_WARN_EMPTY_BODY = YES;
				CLANG_WARN_ENUM_CONVERSION = YES;
				CLANG_WARN_INFINITE_RECURSION = YES;
				CLANG_WARN_INT_CONVERSION = YES;
				CLANG_WARN_NON_LITERAL_NULL_CONVERSION = YES;
				CLANG_WARN_OBJC_IMPLICIT_RETAIN_SELF = YES;
				CLANG_WARN_OBJC_LITERAL_CONVERSION = YES;
				CLANG_WARN_OBJC_ROOT_CLASS = YES_ERROR;
				CLANG_WARN_QUOTED_INCLUDE_IN_FRAMEWORK_HEADER = YES;
				CLANG_WARN_RANGE_LOOP_ANALYSIS = YES;
				CLANG_WARN_STRICT_PROTOTYPES = YES;
				CLANG_WARN_SUSPICIOUS_MOVE = YES;
				CLANG_WARN_UNGUARDED_AVAILABILITY = YES_AGGRESSIVE;
				CLANG_WARN_UNREACHABLE_CODE = YES;
				CLANG_WARN__DUPLICATE_METHOD_MATCH = YES;
				COPY_PHASE_STRIP = NO;
				DEBUG_INFORMATION_FORMAT = "dwarf-with-dsym";
				ENABLE_NS_ASSERTIONS = NO;
				ENABLE_STRICT_OBJC_MSGSEND = YES;
				GCC_C_LANGUAGE_STANDARD = gnu11;
				GCC_NO_COMMON_BLOCKS = YES;
				GCC_WARN_64_TO_32_BIT_CONVERSION = YES;
				GCC_WARN_ABOUT_RETURN_TYPE = YES_ERROR;
				GCC_WARN_UNDECLARED_SELECTOR = YES;
				GCC_WARN_UNINITIALIZED_AUTOS = YES_AGGRESSIVE;
				GCC_WARN_UNUSED_FUNCTION = YES;
				GCC_WARN_UNUSED_VARIABLE = YES;
				IPHONEOS_DEPLOYMENT_TARGET = 16.4;
				MTL_ENABLE_DEBUG_INFO = NO;
				MTL_FAST_MATH = YES;
				SDKROOT = iphoneos;
				SWIFT_COMPILATION_MODE = wholemodule;
				SWIFT_OPTIMIZATION_LEVEL = "-O";
				VALIDATE_PRODUCT = YES;
			};
			name = Release;
		};
		2C317CE82AA20ABE00C0A3B4 /* Debug */ = {
			isa = XCBuildConfiguration;
			buildSettings = {
				ASSETCATALOG_COMPILER_APPICON_NAME = AppIcon;
				ASSETCATALOG_COMPILER_GLOBAL_ACCENT_COLOR_NAME = AccentColor;
				CODE_SIGN_STYLE = Automatic;
				CURRENT_PROJECT_VERSION = 1;
				DEVELOPMENT_TEAM = N422RJM586;
				GENERATE_INFOPLIST_FILE = YES;
				INFOPLIST_FILE = UIExamples/App/Info.plist;
				INFOPLIST_KEY_UIApplicationSupportsIndirectInputEvents = YES;
				INFOPLIST_KEY_UILaunchStoryboardName = LaunchScreen;
				INFOPLIST_KEY_UISupportedInterfaceOrientations_iPad = "UIInterfaceOrientationPortrait UIInterfaceOrientationPortraitUpsideDown UIInterfaceOrientationLandscapeLeft UIInterfaceOrientationLandscapeRight";
				INFOPLIST_KEY_UISupportedInterfaceOrientations_iPhone = "UIInterfaceOrientationPortrait UIInterfaceOrientationLandscapeLeft UIInterfaceOrientationLandscapeRight";
				IPHONEOS_DEPLOYMENT_TARGET = 16.2;
				LD_RUNPATH_SEARCH_PATHS = (
					"$(inherited)",
					"@executable_path/Frameworks",
				);
				MARKETING_VERSION = 1.0;
				PRODUCT_BUNDLE_IDENTIFIER = com.xaker.UIExamples;
				PRODUCT_NAME = "$(TARGET_NAME)";
				SWIFT_EMIT_LOC_STRINGS = YES;
				SWIFT_VERSION = 5.0;
				TARGETED_DEVICE_FAMILY = "1,2";
			};
			name = Debug;
		};
		2C317CE92AA20ABE00C0A3B4 /* Release */ = {
			isa = XCBuildConfiguration;
			buildSettings = {
				ASSETCATALOG_COMPILER_APPICON_NAME = AppIcon;
				ASSETCATALOG_COMPILER_GLOBAL_ACCENT_COLOR_NAME = AccentColor;
				CODE_SIGN_STYLE = Automatic;
				CURRENT_PROJECT_VERSION = 1;
				DEVELOPMENT_TEAM = N422RJM586;
				GENERATE_INFOPLIST_FILE = YES;
				INFOPLIST_FILE = UIExamples/App/Info.plist;
				INFOPLIST_KEY_UIApplicationSupportsIndirectInputEvents = YES;
				INFOPLIST_KEY_UILaunchStoryboardName = LaunchScreen;
				INFOPLIST_KEY_UISupportedInterfaceOrientations_iPad = "UIInterfaceOrientationPortrait UIInterfaceOrientationPortraitUpsideDown UIInterfaceOrientationLandscapeLeft UIInterfaceOrientationLandscapeRight";
				INFOPLIST_KEY_UISupportedInterfaceOrientations_iPhone = "UIInterfaceOrientationPortrait UIInterfaceOrientationLandscapeLeft UIInterfaceOrientationLandscapeRight";
				IPHONEOS_DEPLOYMENT_TARGET = 16.2;
				LD_RUNPATH_SEARCH_PATHS = (
					"$(inherited)",
					"@executable_path/Frameworks",
				);
				MARKETING_VERSION = 1.0;
				PRODUCT_BUNDLE_IDENTIFIER = com.xaker.UIExamples;
				PRODUCT_NAME = "$(TARGET_NAME)";
				SWIFT_EMIT_LOC_STRINGS = YES;
				SWIFT_VERSION = 5.0;
				TARGETED_DEVICE_FAMILY = "1,2";
			};
			name = Release;
		};
/* End XCBuildConfiguration section */

/* Begin XCConfigurationList section */
		2C317CCE2AA20ABD00C0A3B4 /* Build configuration list for PBXProject "UIExamples" */ = {
			isa = XCConfigurationList;
			buildConfigurations = (
				2C317CE52AA20ABE00C0A3B4 /* Debug */,
				2C317CE62AA20ABE00C0A3B4 /* Release */,
			);
			defaultConfigurationIsVisible = 0;
			defaultConfigurationName = Release;
		};
		2C317CE72AA20ABE00C0A3B4 /* Build configuration list for PBXNativeTarget "UIExamples" */ = {
			isa = XCConfigurationList;
			buildConfigurations = (
				2C317CE82AA20ABE00C0A3B4 /* Debug */,
				2C317CE92AA20ABE00C0A3B4 /* Release */,
			);
			defaultConfigurationIsVisible = 0;
			defaultConfigurationName = Release;
		};
/* End XCConfigurationList section */

/* Begin XCRemoteSwiftPackageReference section */
		2C7D25902AA8CB4700AF0069 /* XCRemoteSwiftPackageReference "SnapKit" */ = {
			isa = XCRemoteSwiftPackageReference;
			repositoryURL = "https://github.com/SnapKit/SnapKit.git";
			requirement = {
				kind = upToNextMajorVersion;
				minimumVersion = 5.0.0;
			};
		};
/* End XCRemoteSwiftPackageReference section */

/* Begin XCSwiftPackageProductDependency section */
		2C7D25912AA8CB4700AF0069 /* SnapKit */ = {
			isa = XCSwiftPackageProductDependency;
			package = 2C7D25902AA8CB4700AF0069 /* XCRemoteSwiftPackageReference "SnapKit" */;
			productName = SnapKit;
		};
/* End XCSwiftPackageProductDependency section */
	};
	rootObject = 2C317CCB2AA20ABD00C0A3B4 /* Project object */;
}
