// !$*UTF8*$!
{
	archiveVersion = 1;
	classes = {
	};
	objectVersion = 56;
	objects = {

/* Begin PBXBuildFile section */
		2C317CD72AA20ABD00C0A3B4 /* AppDelegate.swift in Sources */ = {isa = PBXBuildFile; fileRef = 2C317CD62AA20ABD00C0A3B4 /* AppDelegate.swift */; };
		2C317CD92AA20ABD00C0A3B4 /* SceneDelegate.swift in Sources */ = {isa = PBXBuildFile; fileRef = 2C317CD82AA20ABD00C0A3B4 /* SceneDelegate.swift */; };
		2C317CDB2AA20ABD00C0A3B4 /* ExamplesListController.swift in Sources */ = {isa = PBXBuildFile; fileRef = 2C317CDA2AA20ABD00C0A3B4 /* ExamplesListController.swift */; };
		2C317CE02AA20ABE00C0A3B4 /* Assets.xcassets in Resources */ = {isa = PBXBuildFile; fileRef = 2C317CDF2AA20ABE00C0A3B4 /* Assets.xcassets */; };
		2C317CE32AA20ABE00C0A3B4 /* LaunchScreen.storyboard in Resources */ = {isa = PBXBuildFile; fileRef = 2C317CE12AA20ABE00C0A3B4 /* LaunchScreen.storyboard */; };
		2C8532ED2AA4B4EC002F3C48 /* ExamplesListView.swift in Sources */ = {isa = PBXBuildFile; fileRef = 2C8532EC2AA4B4EC002F3C48 /* ExamplesListView.swift */; };
		2C8532F32AA4BAFA002F3C48 /* NiceButton.swift in Sources */ = {isa = PBXBuildFile; fileRef = 2C8532F22AA4BAFA002F3C48 /* NiceButton.swift */; };
		2C8532F52AA4DD97002F3C48 /* CircleSmallButton.swift in Sources */ = {isa = PBXBuildFile; fileRef = 2C8532F42AA4DD97002F3C48 /* CircleSmallButton.swift */; };
		2C8532FA2AA4F094002F3C48 /* GalleryAccessView.swift in Sources */ = {isa = PBXBuildFile; fileRef = 2C8532F92AA4F094002F3C48 /* GalleryAccessView.swift */; };
		2C8532FE2AA4F170002F3C48 /* Localizable.strings in Resources */ = {isa = PBXBuildFile; fileRef = 2C8533002AA4F170002F3C48 /* Localizable.strings */; };
		2C85CA212AA20E130007928D /* ExampleCell.swift in Sources */ = {isa = PBXBuildFile; fileRef = 2C85CA202AA20E130007928D /* ExampleCell.swift */; };
		2C92A74C2AA2342900E31C0E /* NiceButtonExample.swift in Sources */ = {isa = PBXBuildFile; fileRef = 2C92A74B2AA2342900E31C0E /* NiceButtonExample.swift */; };
		2C92A74F2AA249DC00E31C0E /* NiceButton.gif in Resources */ = {isa = PBXBuildFile; fileRef = 2C92A74E2AA249DC00E31C0E /* NiceButton.gif */; };
		5B9083ECCC691968A112629D /* Pods_UIExamples.framework in Frameworks */ = {isa = PBXBuildFile; fileRef = 2C1825E6850DD9D7B8964899 /* Pods_UIExamples.framework */; };
/* End PBXBuildFile section */

/* Begin PBXFileReference section */
		28FB8D12677AB37F5D88EE4C /* Pods-UIExamples.release.xcconfig */ = {isa = PBXFileReference; includeInIndex = 1; lastKnownFileType = text.xcconfig; name = "Pods-UIExamples.release.xcconfig"; path = "Target Support Files/Pods-UIExamples/Pods-UIExamples.release.xcconfig"; sourceTree = "<group>"; };
		2C1825E6850DD9D7B8964899 /* Pods_UIExamples.framework */ = {isa = PBXFileReference; explicitFileType = wrapper.framework; includeInIndex = 0; path = Pods_UIExamples.framework; sourceTree = BUILT_PRODUCTS_DIR; };
		2C317CD32AA20ABD00C0A3B4 /* UIExamples.app */ = {isa = PBXFileReference; explicitFileType = wrapper.application; includeInIndex = 0; path = UIExamples.app; sourceTree = BUILT_PRODUCTS_DIR; };
		2C317CD62AA20ABD00C0A3B4 /* AppDelegate.swift */ = {isa = PBXFileReference; lastKnownFileType = sourcecode.swift; path = AppDelegate.swift; sourceTree = "<group>"; };
		2C317CD82AA20ABD00C0A3B4 /* SceneDelegate.swift */ = {isa = PBXFileReference; lastKnownFileType = sourcecode.swift; path = SceneDelegate.swift; sourceTree = "<group>"; };
		2C317CDA2AA20ABD00C0A3B4 /* ExamplesListController.swift */ = {isa = PBXFileReference; lastKnownFileType = sourcecode.swift; path = ExamplesListController.swift; sourceTree = "<group>"; };
		2C317CDF2AA20ABE00C0A3B4 /* Assets.xcassets */ = {isa = PBXFileReference; lastKnownFileType = folder.assetcatalog; path = Assets.xcassets; sourceTree = "<group>"; };
		2C317CE22AA20ABE00C0A3B4 /* Base */ = {isa = PBXFileReference; lastKnownFileType = file.storyboard; name = Base; path = Base.lproj/LaunchScreen.storyboard; sourceTree = "<group>"; };
		2C317CE42AA20ABE00C0A3B4 /* Info.plist */ = {isa = PBXFileReference; lastKnownFileType = text.plist.xml; path = Info.plist; sourceTree = "<group>"; };
		2C8532EC2AA4B4EC002F3C48 /* ExamplesListView.swift */ = {isa = PBXFileReference; lastKnownFileType = sourcecode.swift; path = ExamplesListView.swift; sourceTree = "<group>"; };
		2C8532F22AA4BAFA002F3C48 /* NiceButton.swift */ = {isa = PBXFileReference; lastKnownFileType = sourcecode.swift; path = NiceButton.swift; sourceTree = "<group>"; };
		2C8532F42AA4DD97002F3C48 /* CircleSmallButton.swift */ = {isa = PBXFileReference; lastKnownFileType = sourcecode.swift; path = CircleSmallButton.swift; sourceTree = "<group>"; };
		2C8532F92AA4F094002F3C48 /* GalleryAccessView.swift */ = {isa = PBXFileReference; lastKnownFileType = sourcecode.swift; path = GalleryAccessView.swift; sourceTree = "<group>"; };
		2C8532FF2AA4F170002F3C48 /* en */ = {isa = PBXFileReference; lastKnownFileType = text.plist.strings; name = en; path = en.lproj/Localizable.strings; sourceTree = "<group>"; };
		2C85CA202AA20E130007928D /* ExampleCell.swift */ = {isa = PBXFileReference; lastKnownFileType = sourcecode.swift; path = ExampleCell.swift; sourceTree = "<group>"; };
		2C92A74B2AA2342900E31C0E /* NiceButtonExample.swift */ = {isa = PBXFileReference; lastKnownFileType = sourcecode.swift; path = NiceButtonExample.swift; sourceTree = "<group>"; };
		2C92A74E2AA249DC00E31C0E /* NiceButton.gif */ = {isa = PBXFileReference; lastKnownFileType = image.gif; path = NiceButton.gif; sourceTree = "<group>"; };
		9441EB7A6B83A3D4CFBC6611 /* Pods-UIExamples.debug.xcconfig */ = {isa = PBXFileReference; includeInIndex = 1; lastKnownFileType = text.xcconfig; name = "Pods-UIExamples.debug.xcconfig"; path = "Target Support Files/Pods-UIExamples/Pods-UIExamples.debug.xcconfig"; sourceTree = "<group>"; };
/* End PBXFileReference section */

/* Begin PBXFrameworksBuildPhase section */
		2C317CD02AA20ABD00C0A3B4 /* Frameworks */ = {
			isa = PBXFrameworksBuildPhase;
			buildActionMask = 2147483647;
			files = (
				5B9083ECCC691968A112629D /* Pods_UIExamples.framework in Frameworks */,
			);
			runOnlyForDeploymentPostprocessing = 0;
		};
/* End PBXFrameworksBuildPhase section */

/* Begin PBXGroup section */
		2C317CCA2AA20ABD00C0A3B4 = {
			isa = PBXGroup;
			children = (
				2C92A74D2AA2495600E31C0E /* Previews */,
				2C317CD52AA20ABD00C0A3B4 /* UIExamples */,
				2C317CD42AA20ABD00C0A3B4 /* Products */,
				AE45A683BD9445F809723E7B /* Pods */,
				B12A5718944ED8B29E69D7A7 /* Frameworks */,
			);
			sourceTree = "<group>";
		};
		2C317CD42AA20ABD00C0A3B4 /* Products */ = {
			isa = PBXGroup;
			children = (
				2C317CD32AA20ABD00C0A3B4 /* UIExamples.app */,
			);
			name = Products;
			sourceTree = "<group>";
		};
		2C317CD52AA20ABD00C0A3B4 /* UIExamples */ = {
			isa = PBXGroup;
			children = (
				2C8532E62AA4B439002F3C48 /* App */,
				2C8532E92AA4B475002F3C48 /* Modules */,
				2C8532E72AA4B459002F3C48 /* Shared */,
			);
			path = UIExamples;
			sourceTree = "<group>";
		};
		2C8532E62AA4B439002F3C48 /* App */ = {
			isa = PBXGroup;
			children = (
				2C317CD62AA20ABD00C0A3B4 /* AppDelegate.swift */,
				2C317CD82AA20ABD00C0A3B4 /* SceneDelegate.swift */,
				2C317CE12AA20ABE00C0A3B4 /* LaunchScreen.storyboard */,
				2C317CE42AA20ABE00C0A3B4 /* Info.plist */,
			);
			path = App;
			sourceTree = "<group>";
		};
		2C8532E72AA4B459002F3C48 /* Shared */ = {
			isa = PBXGroup;
			children = (
				2C8532F62AA4DFE5002F3C48 /* ButtonStyles */,
				2C8532F12AA4BADA002F3C48 /* Views */,
				2C8532E82AA4B460002F3C48 /* Resources */,
			);
			path = Shared;
			sourceTree = "<group>";
		};
		2C8532E82AA4B460002F3C48 /* Resources */ = {
			isa = PBXGroup;
			children = (
				2C8532FB2AA4F116002F3C48 /* Strings */,
				2C317CDF2AA20ABE00C0A3B4 /* Assets.xcassets */,
			);
			path = Resources;
			sourceTree = "<group>";
		};
		2C8532E92AA4B475002F3C48 /* Modules */ = {
			isa = PBXGroup;
			children = (
				2C8532EA2AA4B48C002F3C48 /* ExamplesList */,
				2C8532EE2AA4BA53002F3C48 /* NiceButton */,
				2C8532F72AA4F062002F3C48 /* GalleryAccess */,
			);
			path = Modules;
			sourceTree = "<group>";
		};
		2C8532EA2AA4B48C002F3C48 /* ExamplesList */ = {
			isa = PBXGroup;
			children = (
				2C8532EF2AA4BA8F002F3C48 /* Cell */,
				2C8532EB2AA4B499002F3C48 /* View */,
				2C317CDA2AA20ABD00C0A3B4 /* ExamplesListController.swift */,
			);
			path = ExamplesList;
			sourceTree = "<group>";
		};
		2C8532EB2AA4B499002F3C48 /* View */ = {
			isa = PBXGroup;
			children = (
				2C8532EC2AA4B4EC002F3C48 /* ExamplesListView.swift */,
			);
			path = View;
			sourceTree = "<group>";
		};
		2C8532EE2AA4BA53002F3C48 /* NiceButton */ = {
			isa = PBXGroup;
			children = (
				2C8532F02AA4BAA0002F3C48 /* View */,
			);
			path = NiceButton;
			sourceTree = "<group>";
		};
		2C8532EF2AA4BA8F002F3C48 /* Cell */ = {
			isa = PBXGroup;
			children = (
				2C85CA202AA20E130007928D /* ExampleCell.swift */,
			);
			path = Cell;
			sourceTree = "<group>";
		};
		2C8532F02AA4BAA0002F3C48 /* View */ = {
			isa = PBXGroup;
			children = (
				2C92A74B2AA2342900E31C0E /* NiceButtonExample.swift */,
			);
			path = View;
			sourceTree = "<group>";
		};
		2C8532F12AA4BADA002F3C48 /* Views */ = {
			isa = PBXGroup;
			children = (
				2C8532F22AA4BAFA002F3C48 /* NiceButton.swift */,
				2C8532F42AA4DD97002F3C48 /* CircleSmallButton.swift */,
			);
			path = Views;
			sourceTree = "<group>";
		};
		2C8532F62AA4DFE5002F3C48 /* ButtonStyles */ = {
			isa = PBXGroup;
			children = (
			);
			path = ButtonStyles;
			sourceTree = "<group>";
		};
		2C8532F72AA4F062002F3C48 /* GalleryAccess */ = {
			isa = PBXGroup;
			children = (
				2C8532F82AA4F08A002F3C48 /* View */,
			);
			path = GalleryAccess;
			sourceTree = "<group>";
		};
		2C8532F82AA4F08A002F3C48 /* View */ = {
			isa = PBXGroup;
			children = (
				2C8532F92AA4F094002F3C48 /* GalleryAccessView.swift */,
			);
			path = View;
			sourceTree = "<group>";
		};
		2C8532FB2AA4F116002F3C48 /* Strings */ = {
			isa = PBXGroup;
			children = (
				2C8533002AA4F170002F3C48 /* Localizable.strings */,
			);
			path = Strings;
			sourceTree = "<group>";
		};
		2C92A74D2AA2495600E31C0E /* Previews */ = {
			isa = PBXGroup;
			children = (
				2C92A74E2AA249DC00E31C0E /* NiceButton.gif */,
			);
			path = Previews;
			sourceTree = "<group>";
		};
		AE45A683BD9445F809723E7B /* Pods */ = {
			isa = PBXGroup;
			children = (
				9441EB7A6B83A3D4CFBC6611 /* Pods-UIExamples.debug.xcconfig */,
				28FB8D12677AB37F5D88EE4C /* Pods-UIExamples.release.xcconfig */,
			);
			path = Pods;
			sourceTree = "<group>";
		};
		B12A5718944ED8B29E69D7A7 /* Frameworks */ = {
			isa = PBXGroup;
			children = (
				2C1825E6850DD9D7B8964899 /* Pods_UIExamples.framework */,
			);
			name = Frameworks;
			sourceTree = "<group>";
		};
/* End PBXGroup section */

/* Begin PBXNativeTarget section */
		2C317CD22AA20ABD00C0A3B4 /* UIExamples */ = {
			isa = PBXNativeTarget;
			buildConfigurationList = 2C317CE72AA20ABE00C0A3B4 /* Build configuration list for PBXNativeTarget "UIExamples" */;
			buildPhases = (
				C041B3E9C9D8F999E15ADE86 /* [CP] Check Pods Manifest.lock */,
				2C317CCF2AA20ABD00C0A3B4 /* Sources */,
				2C317CD02AA20ABD00C0A3B4 /* Frameworks */,
				2C317CD12AA20ABD00C0A3B4 /* Resources */,
				4925D66960A912EB40BA4D52 /* [CP] Embed Pods Frameworks */,
			);
			buildRules = (
			);
			dependencies = (
			);
			name = UIExamples;
			productName = UIExamples;
			productReference = 2C317CD32AA20ABD00C0A3B4 /* UIExamples.app */;
			productType = "com.apple.product-type.application";
		};
/* End PBXNativeTarget section */

/* Begin PBXProject section */
		2C317CCB2AA20ABD00C0A3B4 /* Project object */ = {
			isa = PBXProject;
			attributes = {
				BuildIndependentTargetsInParallel = 1;
				LastSwiftUpdateCheck = 1430;
				LastUpgradeCheck = 1430;
				TargetAttributes = {
					2C317CD22AA20ABD00C0A3B4 = {
						CreatedOnToolsVersion = 14.3.1;
					};
				};
			};
			buildConfigurationList = 2C317CCE2AA20ABD00C0A3B4 /* Build configuration list for PBXProject "UIExamples" */;
			compatibilityVersion = "Xcode 14.0";
			developmentRegion = en;
			hasScannedForEncodings = 0;
			knownRegions = (
				en,
				Base,
			);
			mainGroup = 2C317CCA2AA20ABD00C0A3B4;
			productRefGroup = 2C317CD42AA20ABD00C0A3B4 /* Products */;
			projectDirPath = "";
			projectRoot = "";
			targets = (
				2C317CD22AA20ABD00C0A3B4 /* UIExamples */,
			);
		};
/* End PBXProject section */

/* Begin PBXResourcesBuildPhase section */
		2C317CD12AA20ABD00C0A3B4 /* Resources */ = {
			isa = PBXResourcesBuildPhase;
			buildActionMask = 2147483647;
			files = (
				2C317CE32AA20ABE00C0A3B4 /* LaunchScreen.storyboard in Resources */,
				2C8532FE2AA4F170002F3C48 /* Localizable.strings in Resources */,
				2C317CE02AA20ABE00C0A3B4 /* Assets.xcassets in Resources */,
				2C92A74F2AA249DC00E31C0E /* NiceButton.gif in Resources */,
			);
			runOnlyForDeploymentPostprocessing = 0;
		};
/* End PBXResourcesBuildPhase section */

/* Begin PBXShellScriptBuildPhase section */
		4925D66960A912EB40BA4D52 /* [CP] Embed Pods Frameworks */ = {
			isa = PBXShellScriptBuildPhase;
			buildActionMask = 2147483647;
			files = (
			);
			inputFileListPaths = (
				"${PODS_ROOT}/Target Support Files/Pods-UIExamples/Pods-UIExamples-frameworks-${CONFIGURATION}-input-files.xcfilelist",
			);
			name = "[CP] Embed Pods Frameworks";
			outputFileListPaths = (
				"${PODS_ROOT}/Target Support Files/Pods-UIExamples/Pods-UIExamples-frameworks-${CONFIGURATION}-output-files.xcfilelist",
			);
			runOnlyForDeploymentPostprocessing = 0;
			shellPath = /bin/sh;
			shellScript = "\"${PODS_ROOT}/Target Support Files/Pods-UIExamples/Pods-UIExamples-frameworks.sh\"\n";
			showEnvVarsInLog = 0;
		};
		C041B3E9C9D8F999E15ADE86 /* [CP] Check Pods Manifest.lock */ = {
			isa = PBXShellScriptBuildPhase;
			buildActionMask = 2147483647;
			files = (
			);
			inputFileListPaths = (
			);
			inputPaths = (
				"${PODS_PODFILE_DIR_PATH}/Podfile.lock",
				"${PODS_ROOT}/Manifest.lock",
			);
			name = "[CP] Check Pods Manifest.lock";
			outputFileListPaths = (
			);
			outputPaths = (
				"$(DERIVED_FILE_DIR)/Pods-UIExamples-checkManifestLockResult.txt",
			);
			runOnlyForDeploymentPostprocessing = 0;
			shellPath = /bin/sh;
			shellScript = "diff \"${PODS_PODFILE_DIR_PATH}/Podfile.lock\" \"${PODS_ROOT}/Manifest.lock\" > /dev/null\nif [ $? != 0 ] ; then\n    # print error to STDERR\n    echo \"error: The sandbox is not in sync with the Podfile.lock. Run 'pod install' or update your CocoaPods installation.\" >&2\n    exit 1\nfi\n# This output is used by Xcode 'outputs' to avoid re-running this script phase.\necho \"SUCCESS\" > \"${SCRIPT_OUTPUT_FILE_0}\"\n";
			showEnvVarsInLog = 0;
		};
/* End PBXShellScriptBuildPhase section */

/* Begin PBXSourcesBuildPhase section */
		2C317CCF2AA20ABD00C0A3B4 /* Sources */ = {
			isa = PBXSourcesBuildPhase;
			buildActionMask = 2147483647;
			files = (
				2C85CA212AA20E130007928D /* ExampleCell.swift in Sources */,
				2C92A74C2AA2342900E31C0E /* NiceButtonExample.swift in Sources */,
				2C8532F32AA4BAFA002F3C48 /* NiceButton.swift in Sources */,
				2C8532FA2AA4F094002F3C48 /* GalleryAccessView.swift in Sources */,
				2C317CDB2AA20ABD00C0A3B4 /* ExamplesListController.swift in Sources */,
				2C8532ED2AA4B4EC002F3C48 /* ExamplesListView.swift in Sources */,
				2C8532F52AA4DD97002F3C48 /* CircleSmallButton.swift in Sources */,
				2C317CD72AA20ABD00C0A3B4 /* AppDelegate.swift in Sources */,
				2C317CD92AA20ABD00C0A3B4 /* SceneDelegate.swift in Sources */,
			);
			runOnlyForDeploymentPostprocessing = 0;
		};
/* End PBXSourcesBuildPhase section */

/* Begin PBXVariantGroup section */
		2C317CE12AA20ABE00C0A3B4 /* LaunchScreen.storyboard */ = {
			isa = PBXVariantGroup;
			children = (
				2C317CE22AA20ABE00C0A3B4 /* Base */,
			);
			name = LaunchScreen.storyboard;
			sourceTree = "<group>";
		};
		2C8533002AA4F170002F3C48 /* Localizable.strings */ = {
			isa = PBXVariantGroup;
			children = (
				2C8532FF2AA4F170002F3C48 /* en */,
			);
			name = Localizable.strings;
			sourceTree = "<group>";
		};
/* End PBXVariantGroup section */

/* Begin XCBuildConfiguration section */
		2C317CE52AA20ABE00C0A3B4 /* Debug */ = {
			isa = XCBuildConfiguration;
			buildSettings = {
				ALWAYS_SEARCH_USER_PATHS = NO;
				CLANG_ANALYZER_NONNULL = YES;
				CLANG_ANALYZER_NUMBER_OBJECT_CONVERSION = YES_AGGRESSIVE;
				CLANG_CXX_LANGUAGE_STANDARD = "gnu++20";
				CLANG_ENABLE_MODULES = YES;
				CLANG_ENABLE_OBJC_ARC = YES;
				CLANG_ENABLE_OBJC_WEAK = YES;
				CLANG_WARN_BLOCK_CAPTURE_AUTORELEASING = YES;
				CLANG_WARN_BOOL_CONVERSION = YES;
				CLANG_WARN_COMMA = YES;
				CLANG_WARN_CONSTANT_CONVERSION = YES;
				CLANG_WARN_DEPRECATED_OBJC_IMPLEMENTATIONS = YES;
				CLANG_WARN_DIRECT_OBJC_ISA_USAGE = YES_ERROR;
				CLANG_WARN_DOCUMENTATION_COMMENTS = YES;
				CLANG_WARN_EMPTY_BODY = YES;
				CLANG_WARN_ENUM_CONVERSION = YES;
				CLANG_WARN_INFINITE_RECURSION = YES;
				CLANG_WARN_INT_CONVERSION = YES;
				CLANG_WARN_NON_LITERAL_NULL_CONVERSION = YES;
				CLANG_WARN_OBJC_IMPLICIT_RETAIN_SELF = YES;
				CLANG_WARN_OBJC_LITERAL_CONVERSION = YES;
				CLANG_WARN_OBJC_ROOT_CLASS = YES_ERROR;
				CLANG_WARN_QUOTED_INCLUDE_IN_FRAMEWORK_HEADER = YES;
				CLANG_WARN_RANGE_LOOP_ANALYSIS = YES;
				CLANG_WARN_STRICT_PROTOTYPES = YES;
				CLANG_WARN_SUSPICIOUS_MOVE = YES;
				CLANG_WARN_UNGUARDED_AVAILABILITY = YES_AGGRESSIVE;
				CLANG_WARN_UNREACHABLE_CODE = YES;
				CLANG_WARN__DUPLICATE_METHOD_MATCH = YES;
				COPY_PHASE_STRIP = NO;
				DEBUG_INFORMATION_FORMAT = dwarf;
				ENABLE_STRICT_OBJC_MSGSEND = YES;
				ENABLE_TESTABILITY = YES;
				GCC_C_LANGUAGE_STANDARD = gnu11;
				GCC_DYNAMIC_NO_PIC = NO;
				GCC_NO_COMMON_BLOCKS = YES;
				GCC_OPTIMIZATION_LEVEL = 0;
				GCC_PREPROCESSOR_DEFINITIONS = (
					"DEBUG=1",
					"$(inherited)",
				);
				GCC_WARN_64_TO_32_BIT_CONVERSION = YES;
				GCC_WARN_ABOUT_RETURN_TYPE = YES_ERROR;
				GCC_WARN_UNDECLARED_SELECTOR = YES;
				GCC_WARN_UNINITIALIZED_AUTOS = YES_AGGRESSIVE;
				GCC_WARN_UNUSED_FUNCTION = YES;
				GCC_WARN_UNUSED_VARIABLE = YES;
				IPHONEOS_DEPLOYMENT_TARGET = 16.4;
				MTL_ENABLE_DEBUG_INFO = INCLUDE_SOURCE;
				MTL_FAST_MATH = YES;
				ONLY_ACTIVE_ARCH = YES;
				SDKROOT = iphoneos;
				SWIFT_ACTIVE_COMPILATION_CONDITIONS = DEBUG;
				SWIFT_OPTIMIZATION_LEVEL = "-Onone";
			};
			name = Debug;
		};
		2C317CE62AA20ABE00C0A3B4 /* Release */ = {
			isa = XCBuildConfiguration;
			buildSettings = {
				ALWAYS_SEARCH_USER_PATHS = NO;
				CLANG_ANALYZER_NONNULL = YES;
				CLANG_ANALYZER_NUMBER_OBJECT_CONVERSION = YES_AGGRESSIVE;
				CLANG_CXX_LANGUAGE_STANDARD = "gnu++20";
				CLANG_ENABLE_MODULES = YES;
				CLANG_ENABLE_OBJC_ARC = YES;
				CLANG_ENABLE_OBJC_WEAK = YES;
				CLANG_WARN_BLOCK_CAPTURE_AUTORELEASING = YES;
				CLANG_WARN_BOOL_CONVERSION = YES;
				CLANG_WARN_COMMA = YES;
				CLANG_WARN_CONSTANT_CONVERSION = YES;
				CLANG_WARN_DEPRECATED_OBJC_IMPLEMENTATIONS = YES;
				CLANG_WARN_DIRECT_OBJC_ISA_USAGE = YES_ERROR;
				CLANG_WARN_DOCUMENTATION_COMMENTS = YES;
				CLANG_WARN_EMPTY_BODY = YES;
				CLANG_WARN_ENUM_CONVERSION = YES;
				CLANG_WARN_INFINITE_RECURSION = YES;
				CLANG_WARN_INT_CONVERSION = YES;
				CLANG_WARN_NON_LITERAL_NULL_CONVERSION = YES;
				CLANG_WARN_OBJC_IMPLICIT_RETAIN_SELF = YES;
				CLANG_WARN_OBJC_LITERAL_CONVERSION = YES;
				CLANG_WARN_OBJC_ROOT_CLASS = YES_ERROR;
				CLANG_WARN_QUOTED_INCLUDE_IN_FRAMEWORK_HEADER = YES;
				CLANG_WARN_RANGE_LOOP_ANALYSIS = YES;
				CLANG_WARN_STRICT_PROTOTYPES = YES;
				CLANG_WARN_SUSPICIOUS_MOVE = YES;
				CLANG_WARN_UNGUARDED_AVAILABILITY = YES_AGGRESSIVE;
				CLANG_WARN_UNREACHABLE_CODE = YES;
				CLANG_WARN__DUPLICATE_METHOD_MATCH = YES;
				COPY_PHASE_STRIP = NO;
				DEBUG_INFORMATION_FORMAT = "dwarf-with-dsym";
				ENABLE_NS_ASSERTIONS = NO;
				ENABLE_STRICT_OBJC_MSGSEND = YES;
				GCC_C_LANGUAGE_STANDARD = gnu11;
				GCC_NO_COMMON_BLOCKS = YES;
				GCC_WARN_64_TO_32_BIT_CONVERSION = YES;
				GCC_WARN_ABOUT_RETURN_TYPE = YES_ERROR;
				GCC_WARN_UNDECLARED_SELECTOR = YES;
				GCC_WARN_UNINITIALIZED_AUTOS = YES_AGGRESSIVE;
				GCC_WARN_UNUSED_FUNCTION = YES;
				GCC_WARN_UNUSED_VARIABLE = YES;
				IPHONEOS_DEPLOYMENT_TARGET = 16.4;
				MTL_ENABLE_DEBUG_INFO = NO;
				MTL_FAST_MATH = YES;
				SDKROOT = iphoneos;
				SWIFT_COMPILATION_MODE = wholemodule;
				SWIFT_OPTIMIZATION_LEVEL = "-O";
				VALIDATE_PRODUCT = YES;
			};
			name = Release;
		};
		2C317CE82AA20ABE00C0A3B4 /* Debug */ = {
			isa = XCBuildConfiguration;
			baseConfigurationReference = 9441EB7A6B83A3D4CFBC6611 /* Pods-UIExamples.debug.xcconfig */;
			buildSettings = {
				ASSETCATALOG_COMPILER_APPICON_NAME = AppIcon;
				ASSETCATALOG_COMPILER_GLOBAL_ACCENT_COLOR_NAME = AccentColor;
				CODE_SIGN_STYLE = Automatic;
				CURRENT_PROJECT_VERSION = 1;
				DEVELOPMENT_TEAM = N422RJM586;
				GENERATE_INFOPLIST_FILE = YES;
				INFOPLIST_FILE = UIExamples/App/Info.plist;
				INFOPLIST_KEY_UIApplicationSupportsIndirectInputEvents = YES;
				INFOPLIST_KEY_UILaunchStoryboardName = LaunchScreen;
				INFOPLIST_KEY_UISupportedInterfaceOrientations_iPad = "UIInterfaceOrientationPortrait UIInterfaceOrientationPortraitUpsideDown UIInterfaceOrientationLandscapeLeft UIInterfaceOrientationLandscapeRight";
				INFOPLIST_KEY_UISupportedInterfaceOrientations_iPhone = "UIInterfaceOrientationPortrait UIInterfaceOrientationLandscapeLeft UIInterfaceOrientationLandscapeRight";
				IPHONEOS_DEPLOYMENT_TARGET = 16.2;
				LD_RUNPATH_SEARCH_PATHS = (
					"$(inherited)",
					"@executable_path/Frameworks",
				);
				MARKETING_VERSION = 1.0;
				PRODUCT_BUNDLE_IDENTIFIER = com.xaker.UIExamples;
				PRODUCT_NAME = "$(TARGET_NAME)";
				SWIFT_EMIT_LOC_STRINGS = YES;
				SWIFT_VERSION = 5.0;
				TARGETED_DEVICE_FAMILY = "1,2";
			};
			name = Debug;
		};
		2C317CE92AA20ABE00C0A3B4 /* Release */ = {
			isa = XCBuildConfiguration;
			baseConfigurationReference = 28FB8D12677AB37F5D88EE4C /* Pods-UIExamples.release.xcconfig */;
			buildSettings = {
				ASSETCATALOG_COMPILER_APPICON_NAME = AppIcon;
				ASSETCATALOG_COMPILER_GLOBAL_ACCENT_COLOR_NAME = AccentColor;
				CODE_SIGN_STYLE = Automatic;
				CURRENT_PROJECT_VERSION = 1;
				DEVELOPMENT_TEAM = N422RJM586;
				GENERATE_INFOPLIST_FILE = YES;
				INFOPLIST_FILE = UIExamples/App/Info.plist;
				INFOPLIST_KEY_UIApplicationSupportsIndirectInputEvents = YES;
				INFOPLIST_KEY_UILaunchStoryboardName = LaunchScreen;
				INFOPLIST_KEY_UISupportedInterfaceOrientations_iPad = "UIInterfaceOrientationPortrait UIInterfaceOrientationPortraitUpsideDown UIInterfaceOrientationLandscapeLeft UIInterfaceOrientationLandscapeRight";
				INFOPLIST_KEY_UISupportedInterfaceOrientations_iPhone = "UIInterfaceOrientationPortrait UIInterfaceOrientationLandscapeLeft UIInterfaceOrientationLandscapeRight";
				IPHONEOS_DEPLOYMENT_TARGET = 16.2;
				LD_RUNPATH_SEARCH_PATHS = (
					"$(inherited)",
					"@executable_path/Frameworks",
				);
				MARKETING_VERSION = 1.0;
				PRODUCT_BUNDLE_IDENTIFIER = com.xaker.UIExamples;
				PRODUCT_NAME = "$(TARGET_NAME)";
				SWIFT_EMIT_LOC_STRINGS = YES;
				SWIFT_VERSION = 5.0;
				TARGETED_DEVICE_FAMILY = "1,2";
			};
			name = Release;
		};
/* End XCBuildConfiguration section */

/* Begin XCConfigurationList section */
		2C317CCE2AA20ABD00C0A3B4 /* Build configuration list for PBXProject "UIExamples" */ = {
			isa = XCConfigurationList;
			buildConfigurations = (
				2C317CE52AA20ABE00C0A3B4 /* Debug */,
				2C317CE62AA20ABE00C0A3B4 /* Release */,
			);
			defaultConfigurationIsVisible = 0;
			defaultConfigurationName = Release;
		};
		2C317CE72AA20ABE00C0A3B4 /* Build configuration list for PBXNativeTarget "UIExamples" */ = {
			isa = XCConfigurationList;
			buildConfigurations = (
				2C317CE82AA20ABE00C0A3B4 /* Debug */,
				2C317CE92AA20ABE00C0A3B4 /* Release */,
			);
			defaultConfigurationIsVisible = 0;
			defaultConfigurationName = Release;
		};
/* End XCConfigurationList section */
	};
	rootObject = 2C317CCB2AA20ABD00C0A3B4 /* Project object */;
}
